PODS:
  - AWSCognito (2.6.1):
    - AWSCore (= 2.6.1)
  - AWSCognitoIdentityProvider (2.6.1):
    - AWSCore (= 2.6.1)
  - AWSCore (2.6.1)
  - AWSS3 (2.6.1):
    - AWSCore (= 2.6.1)
  - ReachabilitySwift (3)
  - WingKit (0.0.1):
    - AWSCognito (~> 2.6.1)
    - AWSCognitoIdentityProvider (~> 2.6.1)
    - AWSCore (~> 2.6.1)
    - AWSS3 (~> 2.6.1)
    - ReachabilitySwift (~> 3)

DEPENDENCIES:
  - WingKit (from `~/Projects/SparoLabs/WingKit`)

EXTERNAL SOURCES:
  WingKit:
    :path: ~/Projects/SparoLabs/WingKit

SPEC CHECKSUMS:
  AWSCognito: 9aad635e11de0febf026e8a8acbbd345b2016801
  AWSCognitoIdentityProvider: a335678a0024fa2b44213bc4e86b46b21773e567
  AWSCore: e7d37fa0715def975acf1b0d75556576780088b8
  AWSS3: 2e18ede28199a5530955dc1a65434da43dcc4d2c
  ReachabilitySwift: f5b9bb30a0777fac8f09ce8b067e32faeb29bb64
  WingKit: 19958c58f4b9266aebcf700e81efa23e6dc8399c

PODFILE CHECKSUM: f9c37ba7157fb0c3206d78290796d1f57564b7b6

COCOAPODS: 1.2.1
