PODS:
  - AWSCognito (2.6.2):
    - AWSCore (= 2.6.2)
  - AWSCognitoIdentityProvider (2.6.2):
    - AWSCore (= 2.6.2)
  - AWSCore (2.6.2)
  - AWSS3 (2.6.2):
    - AWSCore (= 2.6.2)
  - ReachabilitySwift (3)
  - WingKit (0.0.1):
    - AWSCognito (~> 2.6.1)
    - AWSCognitoIdentityProvider (~> 2.6.1)
    - AWSCore (~> 2.6.1)
    - AWSS3 (~> 2.6.1)
    - ReachabilitySwift (~> 3)

DEPENDENCIES:
  - WingKit (from `~/Projects/SparoLabs/WingKit`)

EXTERNAL SOURCES:
  WingKit:
    :path: ~/Projects/SparoLabs/WingKit

SPEC CHECKSUMS:
  AWSCognito: e8db76ef485fbbc1c90617217451301b1477ce45
  AWSCognitoIdentityProvider: 8d2e86a00ca828ceaf6513b96ee3a45b70518631
  AWSCore: 8f458961a4967be219162108f5be7df1c935639a
  AWSS3: b3e2c4aca868cae06b5b88337ceabee25709fcc5
  ReachabilitySwift: f5b9bb30a0777fac8f09ce8b067e32faeb29bb64
  WingKit: 8ce53584406a226938328b29472e87c58542514a

PODFILE CHECKSUM: 65d49070ac4f7fa2795a58f7d402ecea3a75ba05

COCOAPODS: 1.2.1
