// !$*UTF8*$!
{
	archiveVersion = 1;
	classes = {
	};
	objectVersion = 48;
	objects = {

/* Begin PBXBuildFile section */
		494C0D73F462C55C26C3F856 /* Pods_WingKitExample.framework in Frameworks */ = {isa = PBXBuildFile; fileRef = B24ED4CE4A2EFCBE4D6B8B4A /* Pods_WingKitExample.framework */; };
		6C2CBD791F9E6E4C00E88515 /* DemographicsViewController.swift in Sources */ = {isa = PBXBuildFile; fileRef = 6C2CBD781F9E6E4C00E88515 /* DemographicsViewController.swift */; };
		6C3E502B1F95AC2300D53C04 /* MainViewController.swift in Sources */ = {isa = PBXBuildFile; fileRef = 6C3E502A1F95AC2300D53C04 /* MainViewController.swift */; };
		6C3F87D41F8DEA2400393C3F /* TestScreenView.swift in Sources */ = {isa = PBXBuildFile; fileRef = 6C3F87D31F8DEA2400393C3F /* TestScreenView.swift */; };
		6C64DD611F7C3D9C005ED5AA /* AppDelegate.swift in Sources */ = {isa = PBXBuildFile; fileRef = 6C64DD601F7C3D9C005ED5AA /* AppDelegate.swift */; };
		6C64DD631F7C3D9C005ED5AA /* PretestChecklistController.swift in Sources */ = {isa = PBXBuildFile; fileRef = 6C64DD621F7C3D9C005ED5AA /* PretestChecklistController.swift */; };
		6C64DD681F7C3D9C005ED5AA /* Assets.xcassets in Resources */ = {isa = PBXBuildFile; fileRef = 6C64DD671F7C3D9C005ED5AA /* Assets.xcassets */; };
		6C64DD6B1F7C3D9C005ED5AA /* LaunchScreen.storyboard in Resources */ = {isa = PBXBuildFile; fileRef = 6C64DD691F7C3D9C005ED5AA /* LaunchScreen.storyboard */; };
		6CE3A6411F82C2930085289E /* TestScreenViewController.swift in Sources */ = {isa = PBXBuildFile; fileRef = 6CE3A6401F82C2930085289E /* TestScreenViewController.swift */; };
		6CE8AB141FA903E500DD6A16 /* TestResultsViewController.swift in Sources */ = {isa = PBXBuildFile; fileRef = 6CE8AB131FA903E500DD6A16 /* TestResultsViewController.swift */; };
/* End PBXBuildFile section */

/* Begin PBXCopyFilesBuildPhase section */
		6CE63AD21F7D7AF5006C9A12 /* Embed Frameworks */ = {
			isa = PBXCopyFilesBuildPhase;
			buildActionMask = 2147483647;
			dstPath = "";
			dstSubfolderSpec = 10;
			files = (
			);
			name = "Embed Frameworks";
			runOnlyForDeploymentPostprocessing = 0;
		};
/* End PBXCopyFilesBuildPhase section */

/* Begin PBXFileReference section */
		6C2CBD781F9E6E4C00E88515 /* DemographicsViewController.swift */ = {isa = PBXFileReference; lastKnownFileType = sourcecode.swift; path = DemographicsViewController.swift; sourceTree = "<group>"; };
		6C3E502A1F95AC2300D53C04 /* MainViewController.swift */ = {isa = PBXFileReference; lastKnownFileType = sourcecode.swift; path = MainViewController.swift; sourceTree = "<group>"; };
		6C3F87D31F8DEA2400393C3F /* TestScreenView.swift */ = {isa = PBXFileReference; lastKnownFileType = sourcecode.swift; path = TestScreenView.swift; sourceTree = "<group>"; };
		6C64DD5D1F7C3D9C005ED5AA /* WingKitExample.app */ = {isa = PBXFileReference; explicitFileType = wrapper.application; includeInIndex = 0; path = WingKitExample.app; sourceTree = BUILT_PRODUCTS_DIR; };
		6C64DD601F7C3D9C005ED5AA /* AppDelegate.swift */ = {isa = PBXFileReference; lastKnownFileType = sourcecode.swift; path = AppDelegate.swift; sourceTree = "<group>"; };
		6C64DD621F7C3D9C005ED5AA /* PretestChecklistController.swift */ = {isa = PBXFileReference; lastKnownFileType = sourcecode.swift; path = PretestChecklistController.swift; sourceTree = "<group>"; };
		6C64DD671F7C3D9C005ED5AA /* Assets.xcassets */ = {isa = PBXFileReference; lastKnownFileType = folder.assetcatalog; path = Assets.xcassets; sourceTree = "<group>"; };
		6C64DD6A1F7C3D9C005ED5AA /* Base */ = {isa = PBXFileReference; lastKnownFileType = file.storyboard; name = Base; path = Base.lproj/LaunchScreen.storyboard; sourceTree = "<group>"; };
		6C64DD6C1F7C3D9C005ED5AA /* Info.plist */ = {isa = PBXFileReference; lastKnownFileType = text.plist.xml; path = Info.plist; sourceTree = "<group>"; };
		6C95F3ED1F7CF11F000D3B91 /* WingKit.framework */ = {isa = PBXFileReference; explicitFileType = wrapper.framework; path = WingKit.framework; sourceTree = BUILT_PRODUCTS_DIR; };
		6C95F3EF1F7CF48E000D3B91 /* WingKit.framework */ = {isa = PBXFileReference; explicitFileType = wrapper.framework; path = WingKit.framework; sourceTree = BUILT_PRODUCTS_DIR; };
		6C95F3F11F7CF4A6000D3B91 /* WingKit.framework */ = {isa = PBXFileReference; explicitFileType = wrapper.framework; path = WingKit.framework; sourceTree = BUILT_PRODUCTS_DIR; };
		6C95F3F31F7CF4AA000D3B91 /* Pods_WingKit.framework */ = {isa = PBXFileReference; explicitFileType = wrapper.framework; path = Pods_WingKit.framework; sourceTree = BUILT_PRODUCTS_DIR; };
		6C95F3F51F7CF4C1000D3B91 /* AWSCognito.framework */ = {isa = PBXFileReference; explicitFileType = wrapper.framework; path = AWSCognito.framework; sourceTree = BUILT_PRODUCTS_DIR; };
		6C95F4031F7CF613000D3B91 /* AWSCognito.framework */ = {isa = PBXFileReference; explicitFileType = wrapper.framework; path = AWSCognito.framework; sourceTree = BUILT_PRODUCTS_DIR; };
		6CE3A6401F82C2930085289E /* TestScreenViewController.swift */ = {isa = PBXFileReference; lastKnownFileType = sourcecode.swift; path = TestScreenViewController.swift; sourceTree = "<group>"; };
		6CE63ACA1F7D7A44006C9A12 /* WingKit.framework */ = {isa = PBXFileReference; lastKnownFileType = wrapper.framework; name = WingKit.framework; path = WingKitExample/Frameworks/WingKit.framework; sourceTree = "<group>"; };
		6CE8AB131FA903E500DD6A16 /* TestResultsViewController.swift */ = {isa = PBXFileReference; lastKnownFileType = sourcecode.swift; path = TestResultsViewController.swift; sourceTree = "<group>"; };
		963904E7E2E32AA1E97B4446 /* Pods-WingKitExample.debug.xcconfig */ = {isa = PBXFileReference; includeInIndex = 1; lastKnownFileType = text.xcconfig; name = "Pods-WingKitExample.debug.xcconfig"; path = "Pods/Target Support Files/Pods-WingKitExample/Pods-WingKitExample.debug.xcconfig"; sourceTree = "<group>"; };
		B24ED4CE4A2EFCBE4D6B8B4A /* Pods_WingKitExample.framework */ = {isa = PBXFileReference; explicitFileType = wrapper.framework; includeInIndex = 0; path = Pods_WingKitExample.framework; sourceTree = BUILT_PRODUCTS_DIR; };
		F9523381E619CF30381908E4 /* Pods-WingKitExample.release.xcconfig */ = {isa = PBXFileReference; includeInIndex = 1; lastKnownFileType = text.xcconfig; name = "Pods-WingKitExample.release.xcconfig"; path = "Pods/Target Support Files/Pods-WingKitExample/Pods-WingKitExample.release.xcconfig"; sourceTree = "<group>"; };
/* End PBXFileReference section */

/* Begin PBXFrameworksBuildPhase section */
		6C64DD5A1F7C3D9C005ED5AA /* Frameworks */ = {
			isa = PBXFrameworksBuildPhase;
			buildActionMask = 2147483647;
			files = (
				494C0D73F462C55C26C3F856 /* Pods_WingKitExample.framework in Frameworks */,
			);
			runOnlyForDeploymentPostprocessing = 0;
		};
/* End PBXFrameworksBuildPhase section */

/* Begin PBXGroup section */
		6C64DD541F7C3D9C005ED5AA = {
			isa = PBXGroup;
			children = (
				6C64DD5F1F7C3D9C005ED5AA /* WingKitExample */,
				6C64DD5E1F7C3D9C005ED5AA /* Products */,
				6C95F3EB1F7CF11F000D3B91 /* Frameworks */,
				BBD0B80A184C50F7D0FA2BB9 /* Pods */,
			);
			sourceTree = "<group>";
		};
		6C64DD5E1F7C3D9C005ED5AA /* Products */ = {
			isa = PBXGroup;
			children = (
				6C64DD5D1F7C3D9C005ED5AA /* WingKitExample.app */,
			);
			name = Products;
			sourceTree = "<group>";
		};
		6C64DD5F1F7C3D9C005ED5AA /* WingKitExample */ = {
			isa = PBXGroup;
			children = (
				6C64DD601F7C3D9C005ED5AA /* AppDelegate.swift */,
				6C64DD621F7C3D9C005ED5AA /* PretestChecklistController.swift */,
				6C64DD671F7C3D9C005ED5AA /* Assets.xcassets */,
				6C64DD691F7C3D9C005ED5AA /* LaunchScreen.storyboard */,
				6C64DD6C1F7C3D9C005ED5AA /* Info.plist */,
				6CE3A6401F82C2930085289E /* TestScreenViewController.swift */,
				6C3F87D31F8DEA2400393C3F /* TestScreenView.swift */,
				6C3E502A1F95AC2300D53C04 /* MainViewController.swift */,
				6C2CBD781F9E6E4C00E88515 /* DemographicsViewController.swift */,
				6CE8AB131FA903E500DD6A16 /* TestResultsViewController.swift */,
			);
			path = WingKitExample;
			sourceTree = "<group>";
		};
		6C95F3EB1F7CF11F000D3B91 /* Frameworks */ = {
			isa = PBXGroup;
			children = (
				6CE63ACA1F7D7A44006C9A12 /* WingKit.framework */,
				6C95F4031F7CF613000D3B91 /* AWSCognito.framework */,
				6C95F3F51F7CF4C1000D3B91 /* AWSCognito.framework */,
				6C95F3F31F7CF4AA000D3B91 /* Pods_WingKit.framework */,
				6C95F3F11F7CF4A6000D3B91 /* WingKit.framework */,
				6C95F3EF1F7CF48E000D3B91 /* WingKit.framework */,
				6C95F3ED1F7CF11F000D3B91 /* WingKit.framework */,
				B24ED4CE4A2EFCBE4D6B8B4A /* Pods_WingKitExample.framework */,
			);
			name = Frameworks;
			sourceTree = "<group>";
		};
		BBD0B80A184C50F7D0FA2BB9 /* Pods */ = {
			isa = PBXGroup;
			children = (
				963904E7E2E32AA1E97B4446 /* Pods-WingKitExample.debug.xcconfig */,
				F9523381E619CF30381908E4 /* Pods-WingKitExample.release.xcconfig */,
			);
			name = Pods;
			sourceTree = "<group>";
		};
/* End PBXGroup section */

/* Begin PBXNativeTarget section */
		6C64DD5C1F7C3D9C005ED5AA /* WingKitExample */ = {
			isa = PBXNativeTarget;
			buildConfigurationList = 6C64DD6F1F7C3D9C005ED5AA /* Build configuration list for PBXNativeTarget "WingKitExample" */;
			buildPhases = (
				CFE35DC72EA11B99D906D2F4 /* [CP] Check Pods Manifest.lock */,
				6C64DD591F7C3D9C005ED5AA /* Sources */,
				6C64DD5A1F7C3D9C005ED5AA /* Frameworks */,
				6C64DD5B1F7C3D9C005ED5AA /* Resources */,
				6CE63AD21F7D7AF5006C9A12 /* Embed Frameworks */,
				579450D9C2EEA27D8D8EE7CC /* [CP] Embed Pods Frameworks */,
				16520F40E93E467C7A43E80B /* [CP] Copy Pods Resources */,
			);
			buildRules = (
			);
			dependencies = (
			);
			name = WingKitExample;
			productName = WingKitExample;
			productReference = 6C64DD5D1F7C3D9C005ED5AA /* WingKitExample.app */;
			productType = "com.apple.product-type.application";
		};
/* End PBXNativeTarget section */

/* Begin PBXProject section */
		6C64DD551F7C3D9C005ED5AA /* Project object */ = {
			isa = PBXProject;
			attributes = {
				LastSwiftUpdateCheck = 0900;
				LastUpgradeCheck = 0900;
				ORGANIZATIONNAME = "Sparo Labs";
				TargetAttributes = {
					6C64DD5C1F7C3D9C005ED5AA = {
						CreatedOnToolsVersion = 9.0;
						ProvisioningStyle = Automatic;
					};
				};
			};
			buildConfigurationList = 6C64DD581F7C3D9C005ED5AA /* Build configuration list for PBXProject "WingKitExample" */;
			compatibilityVersion = "Xcode 8.0";
			developmentRegion = en;
			hasScannedForEncodings = 0;
			knownRegions = (
				en,
				Base,
			);
			mainGroup = 6C64DD541F7C3D9C005ED5AA;
			productRefGroup = 6C64DD5E1F7C3D9C005ED5AA /* Products */;
			projectDirPath = "";
			projectRoot = "";
			targets = (
				6C64DD5C1F7C3D9C005ED5AA /* WingKitExample */,
			);
		};
/* End PBXProject section */

/* Begin PBXResourcesBuildPhase section */
		6C64DD5B1F7C3D9C005ED5AA /* Resources */ = {
			isa = PBXResourcesBuildPhase;
			buildActionMask = 2147483647;
			files = (
				6C64DD6B1F7C3D9C005ED5AA /* LaunchScreen.storyboard in Resources */,
				6C64DD681F7C3D9C005ED5AA /* Assets.xcassets in Resources */,
			);
			runOnlyForDeploymentPostprocessing = 0;
		};
/* End PBXResourcesBuildPhase section */

/* Begin PBXShellScriptBuildPhase section */
		16520F40E93E467C7A43E80B /* [CP] Copy Pods Resources */ = {
			isa = PBXShellScriptBuildPhase;
			buildActionMask = 2147483647;
			files = (
			);
			inputPaths = (
			);
			name = "[CP] Copy Pods Resources";
			outputPaths = (
			);
			runOnlyForDeploymentPostprocessing = 0;
			shellPath = /bin/sh;
			shellScript = "\"${SRCROOT}/Pods/Target Support Files/Pods-WingKitExample/Pods-WingKitExample-resources.sh\"\n";
			showEnvVarsInLog = 0;
		};
		579450D9C2EEA27D8D8EE7CC /* [CP] Embed Pods Frameworks */ = {
			isa = PBXShellScriptBuildPhase;
			buildActionMask = 2147483647;
			files = (
			);
			inputPaths = (
			);
			name = "[CP] Embed Pods Frameworks";
			outputPaths = (
			);
			runOnlyForDeploymentPostprocessing = 0;
			shellPath = /bin/sh;
			shellScript = "\"${SRCROOT}/Pods/Target Support Files/Pods-WingKitExample/Pods-WingKitExample-frameworks.sh\"\n";
			showEnvVarsInLog = 0;
		};
		CFE35DC72EA11B99D906D2F4 /* [CP] Check Pods Manifest.lock */ = {
			isa = PBXShellScriptBuildPhase;
			buildActionMask = 2147483647;
			files = (
			);
			inputPaths = (
			);
			name = "[CP] Check Pods Manifest.lock";
			outputPaths = (
			);
			runOnlyForDeploymentPostprocessing = 0;
			shellPath = /bin/sh;
			shellScript = "diff \"${PODS_PODFILE_DIR_PATH}/Podfile.lock\" \"${PODS_ROOT}/Manifest.lock\" > /dev/null\nif [ $? != 0 ] ; then\n    # print error to STDERR\n    echo \"error: The sandbox is not in sync with the Podfile.lock. Run 'pod install' or update your CocoaPods installation.\" >&2\n    exit 1\nfi\n";
			showEnvVarsInLog = 0;
		};
/* End PBXShellScriptBuildPhase section */

/* Begin PBXSourcesBuildPhase section */
		6C64DD591F7C3D9C005ED5AA /* Sources */ = {
			isa = PBXSourcesBuildPhase;
			buildActionMask = 2147483647;
			files = (
				6C2CBD791F9E6E4C00E88515 /* DemographicsViewController.swift in Sources */,
				6C64DD631F7C3D9C005ED5AA /* PretestChecklistController.swift in Sources */,
				6CE3A6411F82C2930085289E /* TestScreenViewController.swift in Sources */,
				6C3E502B1F95AC2300D53C04 /* MainViewController.swift in Sources */,
				6C3F87D41F8DEA2400393C3F /* TestScreenView.swift in Sources */,
				6CE8AB141FA903E500DD6A16 /* TestResultsViewController.swift in Sources */,
				6C64DD611F7C3D9C005ED5AA /* AppDelegate.swift in Sources */,
			);
			runOnlyForDeploymentPostprocessing = 0;
		};
/* End PBXSourcesBuildPhase section */

/* Begin PBXVariantGroup section */
		6C64DD691F7C3D9C005ED5AA /* LaunchScreen.storyboard */ = {
			isa = PBXVariantGroup;
			children = (
				6C64DD6A1F7C3D9C005ED5AA /* Base */,
			);
			name = LaunchScreen.storyboard;
			sourceTree = "<group>";
		};
/* End PBXVariantGroup section */

/* Begin XCBuildConfiguration section */
		6C64DD6D1F7C3D9C005ED5AA /* Debug */ = {
			isa = XCBuildConfiguration;
			buildSettings = {
				ALWAYS_SEARCH_USER_PATHS = NO;
				CLANG_ANALYZER_NONNULL = YES;
				CLANG_ANALYZER_NUMBER_OBJECT_CONVERSION = YES_AGGRESSIVE;
				CLANG_CXX_LANGUAGE_STANDARD = "gnu++14";
				CLANG_CXX_LIBRARY = "libc++";
				CLANG_ENABLE_MODULES = YES;
				CLANG_ENABLE_OBJC_ARC = YES;
				CLANG_WARN_BLOCK_CAPTURE_AUTORELEASING = YES;
				CLANG_WARN_BOOL_CONVERSION = YES;
				CLANG_WARN_COMMA = YES;
				CLANG_WARN_CONSTANT_CONVERSION = YES;
				CLANG_WARN_DIRECT_OBJC_ISA_USAGE = YES_ERROR;
				CLANG_WARN_DOCUMENTATION_COMMENTS = YES;
				CLANG_WARN_EMPTY_BODY = YES;
				CLANG_WARN_ENUM_CONVERSION = YES;
				CLANG_WARN_INFINITE_RECURSION = YES;
				CLANG_WARN_INT_CONVERSION = YES;
				CLANG_WARN_NON_LITERAL_NULL_CONVERSION = YES;
				CLANG_WARN_OBJC_LITERAL_CONVERSION = YES;
				CLANG_WARN_OBJC_ROOT_CLASS = YES_ERROR;
				CLANG_WARN_RANGE_LOOP_ANALYSIS = YES;
				CLANG_WARN_STRICT_PROTOTYPES = YES;
				CLANG_WARN_SUSPICIOUS_MOVE = YES;
				CLANG_WARN_UNGUARDED_AVAILABILITY = YES_AGGRESSIVE;
				CLANG_WARN_UNREACHABLE_CODE = YES;
				CLANG_WARN__DUPLICATE_METHOD_MATCH = YES;
				CODE_SIGN_IDENTITY = "iPhone Developer";
				COPY_PHASE_STRIP = NO;
				DEBUG_INFORMATION_FORMAT = dwarf;
				ENABLE_STRICT_OBJC_MSGSEND = YES;
				ENABLE_TESTABILITY = YES;
				GCC_C_LANGUAGE_STANDARD = gnu11;
				GCC_DYNAMIC_NO_PIC = NO;
				GCC_NO_COMMON_BLOCKS = YES;
				GCC_OPTIMIZATION_LEVEL = 0;
				GCC_PREPROCESSOR_DEFINITIONS = (
					"DEBUG=1",
					"$(inherited)",
				);
				GCC_WARN_64_TO_32_BIT_CONVERSION = YES;
				GCC_WARN_ABOUT_RETURN_TYPE = YES_ERROR;
				GCC_WARN_UNDECLARED_SELECTOR = YES;
				GCC_WARN_UNINITIALIZED_AUTOS = YES_AGGRESSIVE;
				GCC_WARN_UNUSED_FUNCTION = YES;
				GCC_WARN_UNUSED_VARIABLE = YES;
				IPHONEOS_DEPLOYMENT_TARGET = 11.0;
				MTL_ENABLE_DEBUG_INFO = YES;
				ONLY_ACTIVE_ARCH = YES;
				SDKROOT = iphoneos;
				SWIFT_ACTIVE_COMPILATION_CONDITIONS = DEBUG;
				SWIFT_OPTIMIZATION_LEVEL = "-Onone";
			};
			name = Debug;
		};
		6C64DD6E1F7C3D9C005ED5AA /* Release */ = {
			isa = XCBuildConfiguration;
			buildSettings = {
				ALWAYS_SEARCH_USER_PATHS = NO;
				CLANG_ANALYZER_NONNULL = YES;
				CLANG_ANALYZER_NUMBER_OBJECT_CONVERSION = YES_AGGRESSIVE;
				CLANG_CXX_LANGUAGE_STANDARD = "gnu++14";
				CLANG_CXX_LIBRARY = "libc++";
				CLANG_ENABLE_MODULES = YES;
				CLANG_ENABLE_OBJC_ARC = YES;
				CLANG_WARN_BLOCK_CAPTURE_AUTORELEASING = YES;
				CLANG_WARN_BOOL_CONVERSION = YES;
				CLANG_WARN_COMMA = YES;
				CLANG_WARN_CONSTANT_CONVERSION = YES;
				CLANG_WARN_DIRECT_OBJC_ISA_USAGE = YES_ERROR;
				CLANG_WARN_DOCUMENTATION_COMMENTS = YES;
				CLANG_WARN_EMPTY_BODY = YES;
				CLANG_WARN_ENUM_CONVERSION = YES;
				CLANG_WARN_INFINITE_RECURSION = YES;
				CLANG_WARN_INT_CONVERSION = YES;
				CLANG_WARN_NON_LITERAL_NULL_CONVERSION = YES;
				CLANG_WARN_OBJC_LITERAL_CONVERSION = YES;
				CLANG_WARN_OBJC_ROOT_CLASS = YES_ERROR;
				CLANG_WARN_RANGE_LOOP_ANALYSIS = YES;
				CLANG_WARN_STRICT_PROTOTYPES = YES;
				CLANG_WARN_SUSPICIOUS_MOVE = YES;
				CLANG_WARN_UNGUARDED_AVAILABILITY = YES_AGGRESSIVE;
				CLANG_WARN_UNREACHABLE_CODE = YES;
				CLANG_WARN__DUPLICATE_METHOD_MATCH = YES;
				CODE_SIGN_IDENTITY = "iPhone Developer";
				COPY_PHASE_STRIP = NO;
				DEBUG_INFORMATION_FORMAT = "dwarf-with-dsym";
				ENABLE_NS_ASSERTIONS = NO;
				ENABLE_STRICT_OBJC_MSGSEND = YES;
				GCC_C_LANGUAGE_STANDARD = gnu11;
				GCC_NO_COMMON_BLOCKS = YES;
				GCC_WARN_64_TO_32_BIT_CONVERSION = YES;
				GCC_WARN_ABOUT_RETURN_TYPE = YES_ERROR;
				GCC_WARN_UNDECLARED_SELECTOR = YES;
				GCC_WARN_UNINITIALIZED_AUTOS = YES_AGGRESSIVE;
				GCC_WARN_UNUSED_FUNCTION = YES;
				GCC_WARN_UNUSED_VARIABLE = YES;
				IPHONEOS_DEPLOYMENT_TARGET = 11.0;
				MTL_ENABLE_DEBUG_INFO = NO;
				SDKROOT = iphoneos;
				SWIFT_OPTIMIZATION_LEVEL = "-Owholemodule";
				VALIDATE_PRODUCT = YES;
			};
			name = Release;
		};
		6C64DD701F7C3D9C005ED5AA /* Debug */ = {
			isa = XCBuildConfiguration;
			baseConfigurationReference = 963904E7E2E32AA1E97B4446 /* Pods-WingKitExample.debug.xcconfig */;
			buildSettings = {
				ASSETCATALOG_COMPILER_APPICON_NAME = AppIcon;
				CODE_SIGN_STYLE = Automatic;
				DEVELOPMENT_TEAM = Z83XKERH4X;
				FRAMEWORK_SEARCH_PATHS = (
					"$(inherited)",
					"$(PROJECT_DIR)/WingKitExample/Frameworks",
					"$(PROJECT_DIR)",
				);
				INFOPLIST_FILE = WingKitExample/Info.plist;
				IPHONEOS_DEPLOYMENT_TARGET = 10.3;
				LD_RUNPATH_SEARCH_PATHS = "$(inherited) @executable_path/Frameworks";
				PRODUCT_BUNDLE_IDENTIFIER = com.sparolabs.WingKitExample;
				PRODUCT_NAME = "$(TARGET_NAME)";
				SWIFT_VERSION = 4.0;
				TARGETED_DEVICE_FAMILY = "1,2";
			};
			name = Debug;
		};
		6C64DD711F7C3D9C005ED5AA /* Release */ = {
			isa = XCBuildConfiguration;
			baseConfigurationReference = F9523381E619CF30381908E4 /* Pods-WingKitExample.release.xcconfig */;
			buildSettings = {
				ASSETCATALOG_COMPILER_APPICON_NAME = AppIcon;
				CODE_SIGN_STYLE = Automatic;
				DEVELOPMENT_TEAM = Z83XKERH4X;
				FRAMEWORK_SEARCH_PATHS = (
					"$(inherited)",
					"$(PROJECT_DIR)/WingKitExample/Frameworks",
					"$(PROJECT_DIR)",
				);
				INFOPLIST_FILE = WingKitExample/Info.plist;
				IPHONEOS_DEPLOYMENT_TARGET = 10.3;
				LD_RUNPATH_SEARCH_PATHS = "$(inherited) @executable_path/Frameworks";
				PRODUCT_BUNDLE_IDENTIFIER = com.sparolabs.WingKitExample;
				PRODUCT_NAME = "$(TARGET_NAME)";
				SWIFT_VERSION = 4.0;
				TARGETED_DEVICE_FAMILY = "1,2";
			};
			name = Release;
		};
/* End XCBuildConfiguration section */

/* Begin XCConfigurationList section */
		6C64DD581F7C3D9C005ED5AA /* Build configuration list for PBXProject "WingKitExample" */ = {
			isa = XCConfigurationList;
			buildConfigurations = (
				6C64DD6D1F7C3D9C005ED5AA /* Debug */,
				6C64DD6E1F7C3D9C005ED5AA /* Release */,
			);
			defaultConfigurationIsVisible = 0;
			defaultConfigurationName = Release;
		};
		6C64DD6F1F7C3D9C005ED5AA /* Build configuration list for PBXNativeTarget "WingKitExample" */ = {
			isa = XCConfigurationList;
			buildConfigurations = (
				6C64DD701F7C3D9C005ED5AA /* Debug */,
				6C64DD711F7C3D9C005ED5AA /* Release */,
			);
			defaultConfigurationIsVisible = 0;
			defaultConfigurationName = Release;
		};
/* End XCConfigurationList section */
	};
	rootObject = 6C64DD551F7C3D9C005ED5AA /* Project object */;
}
